// !$*UTF8*$!
{
	archiveVersion = 1;
	classes = {
	};
	objectVersion = 46;
	objects = {

/* Begin PBXBuildFile section */
		09178C3A1B32910700E01C11 /* AppDelegate.swift in Sources */ = {isa = PBXBuildFile; fileRef = 09178C391B32910700E01C11 /* AppDelegate.swift */; };
		09178C3D1B32910700E01C11 /* kuber.xcdatamodeld in Sources */ = {isa = PBXBuildFile; fileRef = 09178C3B1B32910700E01C11 /* kuber.xcdatamodeld */; };
		09178C3F1B32910700E01C11 /* ViewController.swift in Sources */ = {isa = PBXBuildFile; fileRef = 09178C3E1B32910700E01C11 /* ViewController.swift */; };
		09178C421B32910700E01C11 /* Main.storyboard in Resources */ = {isa = PBXBuildFile; fileRef = 09178C401B32910700E01C11 /* Main.storyboard */; };
		09178C441B32910700E01C11 /* Images.xcassets in Resources */ = {isa = PBXBuildFile; fileRef = 09178C431B32910700E01C11 /* Images.xcassets */; };
		09178C471B32910700E01C11 /* LaunchScreen.xib in Resources */ = {isa = PBXBuildFile; fileRef = 09178C451B32910700E01C11 /* LaunchScreen.xib */; };
		09178C531B32910800E01C11 /* kuberTests.swift in Sources */ = {isa = PBXBuildFile; fileRef = 09178C521B32910800E01C11 /* kuberTests.swift */; };
		78E87EA11B3A89D100BC8E0B /* Bolts.framework in Frameworks */ = {isa = PBXBuildFile; fileRef = 78E87E9B1B3A89D000BC8E0B /* Bolts.framework */; };
		78E87EA21B3A89D100BC8E0B /* Parse.framework in Frameworks */ = {isa = PBXBuildFile; fileRef = 78E87E9C1B3A89D000BC8E0B /* Parse.framework */; };
		78E87EA31B3A89D100BC8E0B /* ParseCrashReporting.framework in Frameworks */ = {isa = PBXBuildFile; fileRef = 78E87E9D1B3A89D000BC8E0B /* ParseCrashReporting.framework */; };
		78E87EA41B3A89D100BC8E0B /* ParseFacebookUtils.framework in Frameworks */ = {isa = PBXBuildFile; fileRef = 78E87E9E1B3A89D000BC8E0B /* ParseFacebookUtils.framework */; };
		78E87EA51B3A89D100BC8E0B /* ParseFacebookUtilsV4.framework in Frameworks */ = {isa = PBXBuildFile; fileRef = 78E87E9F1B3A89D000BC8E0B /* ParseFacebookUtilsV4.framework */; };
		78E87EA61B3A89D100BC8E0B /* ParseUI.framework in Frameworks */ = {isa = PBXBuildFile; fileRef = 78E87EA01B3A89D000BC8E0B /* ParseUI.framework */; };
		78E87EA81B3A8E8E00BC8E0B /* AudioToolbox.framework in Frameworks */ = {isa = PBXBuildFile; fileRef = 78E87EA71B3A8E8E00BC8E0B /* AudioToolbox.framework */; };
		78E87EAA1B3A8E9500BC8E0B /* CFNetwork.framework in Frameworks */ = {isa = PBXBuildFile; fileRef = 78E87EA91B3A8E9500BC8E0B /* CFNetwork.framework */; };
		78E87EAC1B3A8EB600BC8E0B /* CoreGraphics.framework in Frameworks */ = {isa = PBXBuildFile; fileRef = 78E87EAB1B3A8EB600BC8E0B /* CoreGraphics.framework */; };
		78E87EAE1B3A8ED500BC8E0B /* CoreLocation.framework in Frameworks */ = {isa = PBXBuildFile; fileRef = 78E87EAD1B3A8ED500BC8E0B /* CoreLocation.framework */; };
		78E87EB01B3A8EED00BC8E0B /* libz.dylib in Frameworks */ = {isa = PBXBuildFile; fileRef = 78E87EAF1B3A8EED00BC8E0B /* libz.dylib */; };
		78E87EB21B3A8F0100BC8E0B /* MobileCoreServices.framework in Frameworks */ = {isa = PBXBuildFile; fileRef = 78E87EB11B3A8F0100BC8E0B /* MobileCoreServices.framework */; };
		78E87EB41B3A8F0C00BC8E0B /* QuartzCore.framework in Frameworks */ = {isa = PBXBuildFile; fileRef = 78E87EB31B3A8F0C00BC8E0B /* QuartzCore.framework */; };
		78E87EB61B3A8F2000BC8E0B /* Security.framework in Frameworks */ = {isa = PBXBuildFile; fileRef = 78E87EB51B3A8F2000BC8E0B /* Security.framework */; };
		78E87EB81B3A8F2C00BC8E0B /* StoreKit.framework in Frameworks */ = {isa = PBXBuildFile; fileRef = 78E87EB71B3A8F2C00BC8E0B /* StoreKit.framework */; };
		78E87EBA1B3A8F3A00BC8E0B /* SystemConfiguration.framework in Frameworks */ = {isa = PBXBuildFile; fileRef = 78E87EB91B3A8F3A00BC8E0B /* SystemConfiguration.framework */; };
		78E87EBC1B3A8F5600BC8E0B /* libsqlite3.dylib in Frameworks */ = {isa = PBXBuildFile; fileRef = 78E87EBB1B3A8F5600BC8E0B /* libsqlite3.dylib */; };
/* End PBXBuildFile section */

/* Begin PBXContainerItemProxy section */
		09178C4D1B32910800E01C11 /* PBXContainerItemProxy */ = {
			isa = PBXContainerItemProxy;
			containerPortal = 09178C2C1B32910700E01C11 /* Project object */;
			proxyType = 1;
			remoteGlobalIDString = 09178C331B32910700E01C11;
			remoteInfo = kuber;
		};
/* End PBXContainerItemProxy section */

/* Begin PBXFileReference section */
		09178C341B32910700E01C11 /* kuber.app */ = {isa = PBXFileReference; explicitFileType = wrapper.application; includeInIndex = 0; path = kuber.app; sourceTree = BUILT_PRODUCTS_DIR; };
		09178C381B32910700E01C11 /* Info.plist */ = {isa = PBXFileReference; lastKnownFileType = text.plist.xml; path = Info.plist; sourceTree = "<group>"; };
		09178C391B32910700E01C11 /* AppDelegate.swift */ = {isa = PBXFileReference; lastKnownFileType = sourcecode.swift; path = AppDelegate.swift; sourceTree = "<group>"; };
		09178C3C1B32910700E01C11 /* kuber.xcdatamodel */ = {isa = PBXFileReference; lastKnownFileType = wrapper.xcdatamodel; path = kuber.xcdatamodel; sourceTree = "<group>"; };
		09178C3E1B32910700E01C11 /* ViewController.swift */ = {isa = PBXFileReference; lastKnownFileType = sourcecode.swift; path = ViewController.swift; sourceTree = "<group>"; };
		09178C411B32910700E01C11 /* Base */ = {isa = PBXFileReference; lastKnownFileType = file.storyboard; name = Base; path = Base.lproj/Main.storyboard; sourceTree = "<group>"; };
		09178C431B32910700E01C11 /* Images.xcassets */ = {isa = PBXFileReference; lastKnownFileType = folder.assetcatalog; path = Images.xcassets; sourceTree = "<group>"; };
		09178C461B32910700E01C11 /* Base */ = {isa = PBXFileReference; lastKnownFileType = file.xib; name = Base; path = Base.lproj/LaunchScreen.xib; sourceTree = "<group>"; };
		09178C4C1B32910700E01C11 /* kuberTests.xctest */ = {isa = PBXFileReference; explicitFileType = wrapper.cfbundle; includeInIndex = 0; path = kuberTests.xctest; sourceTree = BUILT_PRODUCTS_DIR; };
		09178C511B32910800E01C11 /* Info.plist */ = {isa = PBXFileReference; lastKnownFileType = text.plist.xml; path = Info.plist; sourceTree = "<group>"; };
		09178C521B32910800E01C11 /* kuberTests.swift */ = {isa = PBXFileReference; lastKnownFileType = sourcecode.swift; path = kuberTests.swift; sourceTree = "<group>"; };
		78E87E9B1B3A89D000BC8E0B /* Bolts.framework */ = {isa = PBXFileReference; lastKnownFileType = wrapper.framework; path = Bolts.framework; sourceTree = "<group>"; };
		78E87E9C1B3A89D000BC8E0B /* Parse.framework */ = {isa = PBXFileReference; lastKnownFileType = wrapper.framework; path = Parse.framework; sourceTree = "<group>"; };
		78E87E9D1B3A89D000BC8E0B /* ParseCrashReporting.framework */ = {isa = PBXFileReference; lastKnownFileType = wrapper.framework; path = ParseCrashReporting.framework; sourceTree = "<group>"; };
		78E87E9E1B3A89D000BC8E0B /* ParseFacebookUtils.framework */ = {isa = PBXFileReference; lastKnownFileType = wrapper.framework; path = ParseFacebookUtils.framework; sourceTree = "<group>"; };
		78E87E9F1B3A89D000BC8E0B /* ParseFacebookUtilsV4.framework */ = {isa = PBXFileReference; lastKnownFileType = wrapper.framework; path = ParseFacebookUtilsV4.framework; sourceTree = "<group>"; };
		78E87EA01B3A89D000BC8E0B /* ParseUI.framework */ = {isa = PBXFileReference; lastKnownFileType = wrapper.framework; path = ParseUI.framework; sourceTree = "<group>"; };
		78E87EA71B3A8E8E00BC8E0B /* AudioToolbox.framework */ = {isa = PBXFileReference; lastKnownFileType = wrapper.framework; name = AudioToolbox.framework; path = System/Library/Frameworks/AudioToolbox.framework; sourceTree = SDKROOT; };
		78E87EA91B3A8E9500BC8E0B /* CFNetwork.framework */ = {isa = PBXFileReference; lastKnownFileType = wrapper.framework; name = CFNetwork.framework; path = System/Library/Frameworks/CFNetwork.framework; sourceTree = SDKROOT; };
		78E87EAB1B3A8EB600BC8E0B /* CoreGraphics.framework */ = {isa = PBXFileReference; lastKnownFileType = wrapper.framework; name = CoreGraphics.framework; path = System/Library/Frameworks/CoreGraphics.framework; sourceTree = SDKROOT; };
		78E87EAD1B3A8ED500BC8E0B /* CoreLocation.framework */ = {isa = PBXFileReference; lastKnownFileType = wrapper.framework; name = CoreLocation.framework; path = System/Library/Frameworks/CoreLocation.framework; sourceTree = SDKROOT; };
		78E87EAF1B3A8EED00BC8E0B /* libz.dylib */ = {isa = PBXFileReference; lastKnownFileType = "compiled.mach-o.dylib"; name = libz.dylib; path = usr/lib/libz.dylib; sourceTree = SDKROOT; };
		78E87EB11B3A8F0100BC8E0B /* MobileCoreServices.framework */ = {isa = PBXFileReference; lastKnownFileType = wrapper.framework; name = MobileCoreServices.framework; path = System/Library/Frameworks/MobileCoreServices.framework; sourceTree = SDKROOT; };
		78E87EB31B3A8F0C00BC8E0B /* QuartzCore.framework */ = {isa = PBXFileReference; lastKnownFileType = wrapper.framework; name = QuartzCore.framework; path = System/Library/Frameworks/QuartzCore.framework; sourceTree = SDKROOT; };
		78E87EB51B3A8F2000BC8E0B /* Security.framework */ = {isa = PBXFileReference; lastKnownFileType = wrapper.framework; name = Security.framework; path = System/Library/Frameworks/Security.framework; sourceTree = SDKROOT; };
		78E87EB71B3A8F2C00BC8E0B /* StoreKit.framework */ = {isa = PBXFileReference; lastKnownFileType = wrapper.framework; name = StoreKit.framework; path = System/Library/Frameworks/StoreKit.framework; sourceTree = SDKROOT; };
		78E87EB91B3A8F3A00BC8E0B /* SystemConfiguration.framework */ = {isa = PBXFileReference; lastKnownFileType = wrapper.framework; name = SystemConfiguration.framework; path = System/Library/Frameworks/SystemConfiguration.framework; sourceTree = SDKROOT; };
		78E87EBB1B3A8F5600BC8E0B /* libsqlite3.dylib */ = {isa = PBXFileReference; lastKnownFileType = "compiled.mach-o.dylib"; name = libsqlite3.dylib; path = usr/lib/libsqlite3.dylib; sourceTree = SDKROOT; };
/* End PBXFileReference section */

/* Begin PBXFrameworksBuildPhase section */
		09178C311B32910700E01C11 /* Frameworks */ = {
			isa = PBXFrameworksBuildPhase;
			buildActionMask = 2147483647;
			files = (
				78E87EBC1B3A8F5600BC8E0B /* libsqlite3.dylib in Frameworks */,
				78E87EBA1B3A8F3A00BC8E0B /* SystemConfiguration.framework in Frameworks */,
				78E87EB81B3A8F2C00BC8E0B /* StoreKit.framework in Frameworks */,
				78E87EB61B3A8F2000BC8E0B /* Security.framework in Frameworks */,
				78E87EB41B3A8F0C00BC8E0B /* QuartzCore.framework in Frameworks */,
				78E87EB21B3A8F0100BC8E0B /* MobileCoreServices.framework in Frameworks */,
				78E87EB01B3A8EED00BC8E0B /* libz.dylib in Frameworks */,
				78E87EAE1B3A8ED500BC8E0B /* CoreLocation.framework in Frameworks */,
				78E87EAC1B3A8EB600BC8E0B /* CoreGraphics.framework in Frameworks */,
				78E87EAA1B3A8E9500BC8E0B /* CFNetwork.framework in Frameworks */,
				78E87EA81B3A8E8E00BC8E0B /* AudioToolbox.framework in Frameworks */,
				78E87EA61B3A89D100BC8E0B /* ParseUI.framework in Frameworks */,
				78E87EA21B3A89D100BC8E0B /* Parse.framework in Frameworks */,
				78E87EA31B3A89D100BC8E0B /* ParseCrashReporting.framework in Frameworks */,
				78E87EA41B3A89D100BC8E0B /* ParseFacebookUtils.framework in Frameworks */,
				78E87EA11B3A89D100BC8E0B /* Bolts.framework in Frameworks */,
				78E87EA51B3A89D100BC8E0B /* ParseFacebookUtilsV4.framework in Frameworks */,
			);
			runOnlyForDeploymentPostprocessing = 0;
		};
		09178C491B32910700E01C11 /* Frameworks */ = {
			isa = PBXFrameworksBuildPhase;
			buildActionMask = 2147483647;
			files = (
			);
			runOnlyForDeploymentPostprocessing = 0;
		};
/* End PBXFrameworksBuildPhase section */

/* Begin PBXGroup section */
		09178C2B1B32910700E01C11 = {
			isa = PBXGroup;
			children = (
				78E87EBD1B3A936B00BC8E0B /* Framework */,
				78E87E991B3A89B500BC8E0B /* External SDK */,
				09178C361B32910700E01C11 /* kuber */,
				09178C4F1B32910800E01C11 /* kuberTests */,
				09178C351B32910700E01C11 /* Products */,
			);
			sourceTree = "<group>";
		};
		09178C351B32910700E01C11 /* Products */ = {
			isa = PBXGroup;
			children = (
				09178C341B32910700E01C11 /* kuber.app */,
				09178C4C1B32910700E01C11 /* kuberTests.xctest */,
			);
			name = Products;
			sourceTree = "<group>";
		};
		09178C361B32910700E01C11 /* kuber */ = {
			isa = PBXGroup;
			children = (
				09178C391B32910700E01C11 /* AppDelegate.swift */,
				09178C3E1B32910700E01C11 /* ViewController.swift */,
				09178C401B32910700E01C11 /* Main.storyboard */,
				09178C431B32910700E01C11 /* Images.xcassets */,
				09178C451B32910700E01C11 /* LaunchScreen.xib */,
				09178C3B1B32910700E01C11 /* kuber.xcdatamodeld */,
				09178C371B32910700E01C11 /* Supporting Files */,
			);
			path = kuber;
			sourceTree = "<group>";
		};
		09178C371B32910700E01C11 /* Supporting Files */ = {
			isa = PBXGroup;
			children = (
				09178C381B32910700E01C11 /* Info.plist */,
			);
			name = "Supporting Files";
			sourceTree = "<group>";
		};
		09178C4F1B32910800E01C11 /* kuberTests */ = {
			isa = PBXGroup;
			children = (
				09178C521B32910800E01C11 /* kuberTests.swift */,
				09178C501B32910800E01C11 /* Supporting Files */,
			);
			path = kuberTests;
			sourceTree = "<group>";
		};
		09178C501B32910800E01C11 /* Supporting Files */ = {
			isa = PBXGroup;
			children = (
				09178C511B32910800E01C11 /* Info.plist */,
			);
			name = "Supporting Files";
			sourceTree = "<group>";
		};
		78E87E991B3A89B500BC8E0B /* External SDK */ = {
			isa = PBXGroup;
			children = (
				78E87E9A1B3A89D000BC8E0B /* parse-library-1.7.4 */,
			);
			name = "External SDK";
			sourceTree = "<group>";
		};
		78E87E9A1B3A89D000BC8E0B /* parse-library-1.7.4 */ = {
			isa = PBXGroup;
			children = (
				78E87E9B1B3A89D000BC8E0B /* Bolts.framework */,
				78E87E9C1B3A89D000BC8E0B /* Parse.framework */,
				78E87E9D1B3A89D000BC8E0B /* ParseCrashReporting.framework */,
				78E87E9E1B3A89D000BC8E0B /* ParseFacebookUtils.framework */,
				78E87E9F1B3A89D000BC8E0B /* ParseFacebookUtilsV4.framework */,
				78E87EA01B3A89D000BC8E0B /* ParseUI.framework */,
			);
			path = "parse-library-1.7.4";
			sourceTree = "<group>";
		};
		78E87EBD1B3A936B00BC8E0B /* Framework */ = {
			isa = PBXGroup;
			children = (
				78E87EBB1B3A8F5600BC8E0B /* libsqlite3.dylib */,
				78E87EB91B3A8F3A00BC8E0B /* SystemConfiguration.framework */,
				78E87EB71B3A8F2C00BC8E0B /* StoreKit.framework */,
				78E87EB51B3A8F2000BC8E0B /* Security.framework */,
				78E87EB31B3A8F0C00BC8E0B /* QuartzCore.framework */,
				78E87EB11B3A8F0100BC8E0B /* MobileCoreServices.framework */,
				78E87EAF1B3A8EED00BC8E0B /* libz.dylib */,
				78E87EAD1B3A8ED500BC8E0B /* CoreLocation.framework */,
				78E87EAB1B3A8EB600BC8E0B /* CoreGraphics.framework */,
				78E87EA91B3A8E9500BC8E0B /* CFNetwork.framework */,
				78E87EA71B3A8E8E00BC8E0B /* AudioToolbox.framework */,
			);
			name = Framework;
			sourceTree = "<group>";
		};
/* End PBXGroup section */

/* Begin PBXNativeTarget section */
		09178C331B32910700E01C11 /* kuber */ = {
			isa = PBXNativeTarget;
			buildConfigurationList = 09178C561B32910800E01C11 /* Build configuration list for PBXNativeTarget "kuber" */;
			buildPhases = (
				09178C301B32910700E01C11 /* Sources */,
				09178C311B32910700E01C11 /* Frameworks */,
				09178C321B32910700E01C11 /* Resources */,
			);
			buildRules = (
			);
			dependencies = (
			);
			name = kuber;
			productName = kuber;
			productReference = 09178C341B32910700E01C11 /* kuber.app */;
			productType = "com.apple.product-type.application";
		};
		09178C4B1B32910700E01C11 /* kuberTests */ = {
			isa = PBXNativeTarget;
			buildConfigurationList = 09178C591B32910800E01C11 /* Build configuration list for PBXNativeTarget "kuberTests" */;
			buildPhases = (
				09178C481B32910700E01C11 /* Sources */,
				09178C491B32910700E01C11 /* Frameworks */,
				09178C4A1B32910700E01C11 /* Resources */,
			);
			buildRules = (
			);
			dependencies = (
				09178C4E1B32910800E01C11 /* PBXTargetDependency */,
			);
			name = kuberTests;
			productName = kuberTests;
			productReference = 09178C4C1B32910700E01C11 /* kuberTests.xctest */;
			productType = "com.apple.product-type.bundle.unit-test";
		};
/* End PBXNativeTarget section */

/* Begin PBXProject section */
		09178C2C1B32910700E01C11 /* Project object */ = {
			isa = PBXProject;
			attributes = {
				LastUpgradeCheck = 0630;
				ORGANIZATIONNAME = "Saket Rai";
				TargetAttributes = {
					09178C331B32910700E01C11 = {
						CreatedOnToolsVersion = 6.3.2;
						DevelopmentTeam = Z239AP7AAK;
					};
					09178C4B1B32910700E01C11 = {
						CreatedOnToolsVersion = 6.3.2;
						TestTargetID = 09178C331B32910700E01C11;
					};
				};
			};
			buildConfigurationList = 09178C2F1B32910700E01C11 /* Build configuration list for PBXProject "kuber" */;
			compatibilityVersion = "Xcode 3.2";
			developmentRegion = English;
			hasScannedForEncodings = 0;
			knownRegions = (
				en,
				Base,
			);
			mainGroup = 09178C2B1B32910700E01C11;
			productRefGroup = 09178C351B32910700E01C11 /* Products */;
			projectDirPath = "";
			projectRoot = "";
			targets = (
				09178C331B32910700E01C11 /* kuber */,
				09178C4B1B32910700E01C11 /* kuberTests */,
			);
		};
/* End PBXProject section */

/* Begin PBXResourcesBuildPhase section */
		09178C321B32910700E01C11 /* Resources */ = {
			isa = PBXResourcesBuildPhase;
			buildActionMask = 2147483647;
			files = (
				09178C421B32910700E01C11 /* Main.storyboard in Resources */,
				09178C471B32910700E01C11 /* LaunchScreen.xib in Resources */,
				09178C441B32910700E01C11 /* Images.xcassets in Resources */,
			);
			runOnlyForDeploymentPostprocessing = 0;
		};
		09178C4A1B32910700E01C11 /* Resources */ = {
			isa = PBXResourcesBuildPhase;
			buildActionMask = 2147483647;
			files = (
			);
			runOnlyForDeploymentPostprocessing = 0;
		};
/* End PBXResourcesBuildPhase section */

/* Begin PBXSourcesBuildPhase section */
		09178C301B32910700E01C11 /* Sources */ = {
			isa = PBXSourcesBuildPhase;
			buildActionMask = 2147483647;
			files = (
				09178C3F1B32910700E01C11 /* ViewController.swift in Sources */,
				09178C3A1B32910700E01C11 /* AppDelegate.swift in Sources */,
				09178C3D1B32910700E01C11 /* kuber.xcdatamodeld in Sources */,
			);
			runOnlyForDeploymentPostprocessing = 0;
		};
		09178C481B32910700E01C11 /* Sources */ = {
			isa = PBXSourcesBuildPhase;
			buildActionMask = 2147483647;
			files = (
				09178C531B32910800E01C11 /* kuberTests.swift in Sources */,
			);
			runOnlyForDeploymentPostprocessing = 0;
		};
/* End PBXSourcesBuildPhase section */

/* Begin PBXTargetDependency section */
		09178C4E1B32910800E01C11 /* PBXTargetDependency */ = {
			isa = PBXTargetDependency;
			target = 09178C331B32910700E01C11 /* kuber */;
			targetProxy = 09178C4D1B32910800E01C11 /* PBXContainerItemProxy */;
		};
/* End PBXTargetDependency section */

/* Begin PBXVariantGroup section */
		09178C401B32910700E01C11 /* Main.storyboard */ = {
			isa = PBXVariantGroup;
			children = (
				09178C411B32910700E01C11 /* Base */,
			);
			name = Main.storyboard;
			sourceTree = "<group>";
		};
		09178C451B32910700E01C11 /* LaunchScreen.xib */ = {
			isa = PBXVariantGroup;
			children = (
				09178C461B32910700E01C11 /* Base */,
			);
			name = LaunchScreen.xib;
			sourceTree = "<group>";
		};
/* End PBXVariantGroup section */

/* Begin XCBuildConfiguration section */
		09178C541B32910800E01C11 /* Debug */ = {
			isa = XCBuildConfiguration;
			buildSettings = {
				ALWAYS_SEARCH_USER_PATHS = NO;
				CLANG_CXX_LANGUAGE_STANDARD = "gnu++0x";
				CLANG_CXX_LIBRARY = "libc++";
				CLANG_ENABLE_MODULES = YES;
				CLANG_ENABLE_OBJC_ARC = YES;
				CLANG_WARN_BOOL_CONVERSION = YES;
				CLANG_WARN_CONSTANT_CONVERSION = YES;
				CLANG_WARN_DIRECT_OBJC_ISA_USAGE = YES_ERROR;
				CLANG_WARN_EMPTY_BODY = YES;
				CLANG_WARN_ENUM_CONVERSION = YES;
				CLANG_WARN_INT_CONVERSION = YES;
				CLANG_WARN_OBJC_ROOT_CLASS = YES_ERROR;
				CLANG_WARN_UNREACHABLE_CODE = YES;
				CLANG_WARN__DUPLICATE_METHOD_MATCH = YES;
				"CODE_SIGN_IDENTITY[sdk=iphoneos*]" = "iPhone Developer";
				COPY_PHASE_STRIP = NO;
				DEBUG_INFORMATION_FORMAT = "dwarf-with-dsym";
				ENABLE_STRICT_OBJC_MSGSEND = YES;
				GCC_C_LANGUAGE_STANDARD = gnu99;
				GCC_DYNAMIC_NO_PIC = NO;
				GCC_NO_COMMON_BLOCKS = YES;
				GCC_OPTIMIZATION_LEVEL = 0;
				GCC_PREPROCESSOR_DEFINITIONS = (
					"DEBUG=1",
					"$(inherited)",
				);
				GCC_SYMBOLS_PRIVATE_EXTERN = NO;
				GCC_WARN_64_TO_32_BIT_CONVERSION = YES;
				GCC_WARN_ABOUT_RETURN_TYPE = YES_ERROR;
				GCC_WARN_UNDECLARED_SELECTOR = YES;
				GCC_WARN_UNINITIALIZED_AUTOS = YES_AGGRESSIVE;
				GCC_WARN_UNUSED_FUNCTION = YES;
				GCC_WARN_UNUSED_VARIABLE = YES;
				IPHONEOS_DEPLOYMENT_TARGET = 8.3;
				MTL_ENABLE_DEBUG_INFO = YES;
				ONLY_ACTIVE_ARCH = YES;
				SDKROOT = iphoneos;
				SWIFT_OPTIMIZATION_LEVEL = "-Onone";
			};
			name = Debug;
		};
		09178C551B32910800E01C11 /* Release */ = {
			isa = XCBuildConfiguration;
			buildSettings = {
				ALWAYS_SEARCH_USER_PATHS = NO;
				CLANG_CXX_LANGUAGE_STANDARD = "gnu++0x";
				CLANG_CXX_LIBRARY = "libc++";
				CLANG_ENABLE_MODULES = YES;
				CLANG_ENABLE_OBJC_ARC = YES;
				CLANG_WARN_BOOL_CONVERSION = YES;
				CLANG_WARN_CONSTANT_CONVERSION = YES;
				CLANG_WARN_DIRECT_OBJC_ISA_USAGE = YES_ERROR;
				CLANG_WARN_EMPTY_BODY = YES;
				CLANG_WARN_ENUM_CONVERSION = YES;
				CLANG_WARN_INT_CONVERSION = YES;
				CLANG_WARN_OBJC_ROOT_CLASS = YES_ERROR;
				CLANG_WARN_UNREACHABLE_CODE = YES;
				CLANG_WARN__DUPLICATE_METHOD_MATCH = YES;
				"CODE_SIGN_IDENTITY[sdk=iphoneos*]" = "iPhone Developer";
				COPY_PHASE_STRIP = NO;
				DEBUG_INFORMATION_FORMAT = "dwarf-with-dsym";
				ENABLE_NS_ASSERTIONS = NO;
				ENABLE_STRICT_OBJC_MSGSEND = YES;
				GCC_C_LANGUAGE_STANDARD = gnu99;
				GCC_NO_COMMON_BLOCKS = YES;
				GCC_WARN_64_TO_32_BIT_CONVERSION = YES;
				GCC_WARN_ABOUT_RETURN_TYPE = YES_ERROR;
				GCC_WARN_UNDECLARED_SELECTOR = YES;
				GCC_WARN_UNINITIALIZED_AUTOS = YES_AGGRESSIVE;
				GCC_WARN_UNUSED_FUNCTION = YES;
				GCC_WARN_UNUSED_VARIABLE = YES;
				IPHONEOS_DEPLOYMENT_TARGET = 8.3;
				MTL_ENABLE_DEBUG_INFO = NO;
				SDKROOT = iphoneos;
				VALIDATE_PRODUCT = YES;
			};
			name = Release;
		};
		09178C571B32910800E01C11 /* Debug */ = {
			isa = XCBuildConfiguration;
			buildSettings = {
				ASSETCATALOG_COMPILER_APPICON_NAME = AppIcon;
				FRAMEWORK_SEARCH_PATHS = (
					"$(inherited)",
					"$(PROJECT_DIR)/parse-library-1.7.4",
				);
				INFOPLIST_FILE = kuber/Info.plist;
				IPHONEOS_DEPLOYMENT_TARGET = 7.1;
				LD_RUNPATH_SEARCH_PATHS = "$(inherited) @executable_path/Frameworks";
				PRODUCT_NAME = "$(TARGET_NAME)";
				TARGETED_DEVICE_FAMILY = 1;
			};
			name = Debug;
		};
		09178C581B32910800E01C11 /* Release */ = {
			isa = XCBuildConfiguration;
			buildSettings = {
				ASSETCATALOG_COMPILER_APPICON_NAME = AppIcon;
				FRAMEWORK_SEARCH_PATHS = (
					"$(inherited)",
					"$(PROJECT_DIR)/parse-library-1.7.4",
				);
				INFOPLIST_FILE = kuber/Info.plist;
				IPHONEOS_DEPLOYMENT_TARGET = 7.1;
				LD_RUNPATH_SEARCH_PATHS = "$(inherited) @executable_path/Frameworks";
				PRODUCT_NAME = "$(TARGET_NAME)";
				TARGETED_DEVICE_FAMILY = 1;
			};
			name = Release;
		};
		09178C5A1B32910800E01C11 /* Debug */ = {
			isa = XCBuildConfiguration;
			buildSettings = {
				BUNDLE_LOADER = "$(TEST_HOST)";
				FRAMEWORK_SEARCH_PATHS = (
					"$(SDKROOT)/Developer/Library/Frameworks",
					"$(inherited)",
				);
				GCC_PREPROCESSOR_DEFINITIONS = (
					"DEBUG=1",
					"$(inherited)",
				);
				INFOPLIST_FILE = kuberTests/Info.plist;
				LD_RUNPATH_SEARCH_PATHS = "$(inherited) @executable_path/Frameworks @loader_path/Frameworks";
				PRODUCT_NAME = "$(TARGET_NAME)";
				TEST_HOST = "$(BUILT_PRODUCTS_DIR)/kuber.app/kuber";
			};
			name = Debug;
		};
		09178C5B1B32910800E01C11 /* Release */ = {
			isa = XCBuildConfiguration;
			buildSettings = {
				BUNDLE_LOADER = "$(TEST_HOST)";
				FRAMEWORK_SEARCH_PATHS = (
					"$(SDKROOT)/Developer/Library/Frameworks",
					"$(inherited)",
				);
				INFOPLIST_FILE = kuberTests/Info.plist;
				LD_RUNPATH_SEARCH_PATHS = "$(inherited) @executable_path/Frameworks @loader_path/Frameworks";
				PRODUCT_NAME = "$(TARGET_NAME)";
				TEST_HOST = "$(BUILT_PRODUCTS_DIR)/kuber.app/kuber";
			};
			name = Release;
		};
/* End XCBuildConfiguration section */

/* Begin XCConfigurationList section */
		09178C2F1B32910700E01C11 /* Build configuration list for PBXProject "kuber" */ = {
			isa = XCConfigurationList;
			buildConfigurations = (
				09178C541B32910800E01C11 /* Debug */,
				09178C551B32910800E01C11 /* Release */,
			);
			defaultConfigurationIsVisible = 0;
			defaultConfigurationName = Release;
		};
		09178C561B32910800E01C11 /* Build configuration list for PBXNativeTarget "kuber" */ = {
			isa = XCConfigurationList;
			buildConfigurations = (
				09178C571B32910800E01C11 /* Debug */,
				09178C581B32910800E01C11 /* Release */,
			);
			defaultConfigurationIsVisible = 0;
			defaultConfigurationName = Release;
		};
		09178C591B32910800E01C11 /* Build configuration list for PBXNativeTarget "kuberTests" */ = {
			isa = XCConfigurationList;
			buildConfigurations = (
				09178C5A1B32910800E01C11 /* Debug */,
				09178C5B1B32910800E01C11 /* Release */,
			);
			defaultConfigurationIsVisible = 0;
			defaultConfigurationName = Release;
		};
/* End XCConfigurationList section */

/* Begin XCVersionGroup section */
		09178C3B1B32910700E01C11 /* kuber.xcdatamodeld */ = {
			isa = XCVersionGroup;
			children = (
				09178C3C1B32910700E01C11 /* kuber.xcdatamodel */,
			);
			currentVersion = 09178C3C1B32910700E01C11 /* kuber.xcdatamodel */;
			path = kuber.xcdatamodeld;
			sourceTree = "<group>";
			versionGroupType = wrapper.xcdatamodel;
		};
/* End XCVersionGroup section */
	};
	rootObject = 09178C2C1B32910700E01C11 /* Project object */;
}
